// !$*UTF8*$!
{
	archiveVersion = 1;
	classes = {
	};
	objectVersion = 50;
	objects = {

/* Begin PBXBuildFile section */
		2B87AD8F222C1EBF00B25E08 /* AppDelegate.swift in Sources */ = {isa = PBXBuildFile; fileRef = 2B87AD8E222C1EBF00B25E08 /* AppDelegate.swift */; };
		2B87AD91222C1EBF00B25E08 /* ViewController.swift in Sources */ = {isa = PBXBuildFile; fileRef = 2B87AD90222C1EBF00B25E08 /* ViewController.swift */; };
		2B87AD94222C1EBF00B25E08 /* Main.storyboard in Resources */ = {isa = PBXBuildFile; fileRef = 2B87AD92222C1EBF00B25E08 /* Main.storyboard */; };
		2B87AD96222C1EC100B25E08 /* Assets.xcassets in Resources */ = {isa = PBXBuildFile; fileRef = 2B87AD95222C1EC100B25E08 /* Assets.xcassets */; };
		2B87AD99222C1EC100B25E08 /* LaunchScreen.storyboard in Resources */ = {isa = PBXBuildFile; fileRef = 2B87AD97222C1EC100B25E08 /* LaunchScreen.storyboard */; };
		2B87ADAE222C1F3900B25E08 /* CRToastSwift.framework in Frameworks */ = {isa = PBXBuildFile; fileRef = 2B87ADA8222C1F2600B25E08 /* CRToastSwift.framework */; };
		2B87ADB0222C1F4D00B25E08 /* CRToastSwift.framework in CopyFiles */ = {isa = PBXBuildFile; fileRef = 2B87ADA8222C1F2600B25E08 /* CRToastSwift.framework */; settings = {ATTRIBUTES = (CodeSignOnCopy, RemoveHeadersOnCopy, ); }; };
/* End PBXBuildFile section */

/* Begin PBXContainerItemProxy section */
		2B87ADA7222C1F2600B25E08 /* PBXContainerItemProxy */ = {
			isa = PBXContainerItemProxy;
			containerPortal = 2B87ADA0222C1F2600B25E08 /* CRToastSwift.xcodeproj */;
			proxyType = 2;
			remoteGlobalIDString = "CRToastSwift::CRToastSwift::Product";
			remoteInfo = CRToastSwift;
		};
		2B87ADA9222C1F2600B25E08 /* PBXContainerItemProxy */ = {
			isa = PBXContainerItemProxy;
			containerPortal = 2B87ADA0222C1F2600B25E08 /* CRToastSwift.xcodeproj */;
			proxyType = 2;
			remoteGlobalIDString = "CRToastSwift::CRToastSwiftTests::Product";
			remoteInfo = CRToastSwiftTests;
		};
		2B87ADAB222C1F3300B25E08 /* PBXContainerItemProxy */ = {
			isa = PBXContainerItemProxy;
			containerPortal = 2B87ADA0222C1F2600B25E08 /* CRToastSwift.xcodeproj */;
			proxyType = 1;
			remoteGlobalIDString = "CRToastSwift::CRToastSwift";
			remoteInfo = CRToastSwift;
		};
/* End PBXContainerItemProxy section */

/* Begin PBXCopyFilesBuildPhase section */
		2B87ADAF222C1F4200B25E08 /* CopyFiles */ = {
			isa = PBXCopyFilesBuildPhase;
			buildActionMask = 2147483647;
			dstPath = "";
			dstSubfolderSpec = 10;
			files = (
				2B87ADB0222C1F4D00B25E08 /* CRToastSwift.framework in CopyFiles */,
			);
			runOnlyForDeploymentPostprocessing = 0;
		};
/* End PBXCopyFilesBuildPhase section */

/* Begin PBXFileReference section */
		2B87AD8B222C1EBF00B25E08 /* CRToastDemo.app */ = {isa = PBXFileReference; explicitFileType = wrapper.application; includeInIndex = 0; path = CRToastDemo.app; sourceTree = BUILT_PRODUCTS_DIR; };
		2B87AD8E222C1EBF00B25E08 /* AppDelegate.swift */ = {isa = PBXFileReference; lastKnownFileType = sourcecode.swift; path = AppDelegate.swift; sourceTree = "<group>"; };
		2B87AD90222C1EBF00B25E08 /* ViewController.swift */ = {isa = PBXFileReference; lastKnownFileType = sourcecode.swift; path = ViewController.swift; sourceTree = "<group>"; };
		2B87AD93222C1EBF00B25E08 /* Base */ = {isa = PBXFileReference; lastKnownFileType = file.storyboard; name = Base; path = Base.lproj/Main.storyboard; sourceTree = "<group>"; };
		2B87AD95222C1EC100B25E08 /* Assets.xcassets */ = {isa = PBXFileReference; lastKnownFileType = folder.assetcatalog; path = Assets.xcassets; sourceTree = "<group>"; };
		2B87AD98222C1EC100B25E08 /* Base */ = {isa = PBXFileReference; lastKnownFileType = file.storyboard; name = Base; path = Base.lproj/LaunchScreen.storyboard; sourceTree = "<group>"; };
		2B87AD9A222C1EC100B25E08 /* Info.plist */ = {isa = PBXFileReference; lastKnownFileType = text.plist.xml; path = Info.plist; sourceTree = "<group>"; };
		2B87ADA0222C1F2600B25E08 /* CRToastSwift.xcodeproj */ = {isa = PBXFileReference; lastKnownFileType = "wrapper.pb-project"; name = CRToastSwift.xcodeproj; path = ../../CRToastSwift.xcodeproj; sourceTree = "<group>"; };
/* End PBXFileReference section */

/* Begin PBXFrameworksBuildPhase section */
		2B87AD88222C1EBF00B25E08 /* Frameworks */ = {
			isa = PBXFrameworksBuildPhase;
			buildActionMask = 2147483647;
			files = (
				2B87ADAE222C1F3900B25E08 /* CRToastSwift.framework in Frameworks */,
			);
			runOnlyForDeploymentPostprocessing = 0;
		};
/* End PBXFrameworksBuildPhase section */

/* Begin PBXGroup section */
		2B87AD82222C1EBF00B25E08 = {
			isa = PBXGroup;
			children = (
				2B87AD8D222C1EBF00B25E08 /* CRToastDemo */,
				2B87AD8C222C1EBF00B25E08 /* Products */,
				2B87ADAD222C1F3900B25E08 /* Frameworks */,
			);
			sourceTree = "<group>";
		};
		2B87AD8C222C1EBF00B25E08 /* Products */ = {
			isa = PBXGroup;
			children = (
				2B87AD8B222C1EBF00B25E08 /* CRToastDemo.app */,
			);
			name = Products;
			sourceTree = "<group>";
		};
		2B87AD8D222C1EBF00B25E08 /* CRToastDemo */ = {
			isa = PBXGroup;
			children = (
				2B87AD8E222C1EBF00B25E08 /* AppDelegate.swift */,
				2B87AD90222C1EBF00B25E08 /* ViewController.swift */,
				2B87AD92222C1EBF00B25E08 /* Main.storyboard */,
				2B87AD95222C1EC100B25E08 /* Assets.xcassets */,
				2B87AD97222C1EC100B25E08 /* LaunchScreen.storyboard */,
				2B87AD9A222C1EC100B25E08 /* Info.plist */,
				2B87ADA0222C1F2600B25E08 /* CRToastSwift.xcodeproj */,
			);
			path = CRToastDemo;
			sourceTree = "<group>";
		};
		2B87ADA1222C1F2600B25E08 /* Products */ = {
			isa = PBXGroup;
			children = (
				2B87ADA8222C1F2600B25E08 /* CRToastSwift.framework */,
				2B87ADAA222C1F2600B25E08 /* CRToastSwiftTests.xctest */,
			);
			name = Products;
			sourceTree = "<group>";
		};
		2B87ADAD222C1F3900B25E08 /* Frameworks */ = {
			isa = PBXGroup;
			children = (
			);
			name = Frameworks;
			sourceTree = "<group>";
		};
/* End PBXGroup section */

/* Begin PBXNativeTarget section */
		2B87AD8A222C1EBF00B25E08 /* CRToastDemo */ = {
			isa = PBXNativeTarget;
			buildConfigurationList = 2B87AD9D222C1EC100B25E08 /* Build configuration list for PBXNativeTarget "CRToastDemo" */;
			buildPhases = (
				2B87AD87222C1EBF00B25E08 /* Sources */,
				2B87AD88222C1EBF00B25E08 /* Frameworks */,
				2B87AD89222C1EBF00B25E08 /* Resources */,
				2B87ADAF222C1F4200B25E08 /* CopyFiles */,
			);
			buildRules = (
			);
			dependencies = (
				2B87ADAC222C1F3300B25E08 /* PBXTargetDependency */,
			);
			name = CRToastDemo;
			productName = CRToastDemo;
			productReference = 2B87AD8B222C1EBF00B25E08 /* CRToastDemo.app */;
			productType = "com.apple.product-type.application";
		};
/* End PBXNativeTarget section */

/* Begin PBXProject section */
		2B87AD83222C1EBF00B25E08 /* Project object */ = {
			isa = PBXProject;
			attributes = {
				LastSwiftUpdateCheck = 1010;
				LastUpgradeCheck = 1010;
				ORGANIZATIONNAME = CRToast;
				TargetAttributes = {
					2B87AD8A222C1EBF00B25E08 = {
						CreatedOnToolsVersion = 10.1;
					};
				};
			};
			buildConfigurationList = 2B87AD86222C1EBF00B25E08 /* Build configuration list for PBXProject "CRToastDemo" */;
			compatibilityVersion = "Xcode 9.3";
			developmentRegion = en;
			hasScannedForEncodings = 0;
			knownRegions = (
				en,
				Base,
			);
			mainGroup = 2B87AD82222C1EBF00B25E08;
			productRefGroup = 2B87AD8C222C1EBF00B25E08 /* Products */;
			projectDirPath = "";
			projectReferences = (
				{
					ProductGroup = 2B87ADA1222C1F2600B25E08 /* Products */;
					ProjectRef = 2B87ADA0222C1F2600B25E08 /* CRToastSwift.xcodeproj */;
				},
			);
			projectRoot = "";
			targets = (
				2B87AD8A222C1EBF00B25E08 /* CRToastDemo */,
			);
		};
/* End PBXProject section */

/* Begin PBXReferenceProxy section */
		2B87ADA8222C1F2600B25E08 /* CRToastSwift.framework */ = {
			isa = PBXReferenceProxy;
			fileType = wrapper.framework;
			path = CRToastSwift.framework;
			remoteRef = 2B87ADA7222C1F2600B25E08 /* PBXContainerItemProxy */;
			sourceTree = BUILT_PRODUCTS_DIR;
		};
		2B87ADAA222C1F2600B25E08 /* CRToastSwiftTests.xctest */ = {
			isa = PBXReferenceProxy;
			fileType = file;
			path = CRToastSwiftTests.xctest;
			remoteRef = 2B87ADA9222C1F2600B25E08 /* PBXContainerItemProxy */;
			sourceTree = BUILT_PRODUCTS_DIR;
		};
/* End PBXReferenceProxy section */

/* Begin PBXResourcesBuildPhase section */
		2B87AD89222C1EBF00B25E08 /* Resources */ = {
			isa = PBXResourcesBuildPhase;
			buildActionMask = 2147483647;
			files = (
				2B87AD99222C1EC100B25E08 /* LaunchScreen.storyboard in Resources */,
				2B87AD96222C1EC100B25E08 /* Assets.xcassets in Resources */,
				2B87AD94222C1EBF00B25E08 /* Main.storyboard in Resources */,
			);
			runOnlyForDeploymentPostprocessing = 0;
		};
/* End PBXResourcesBuildPhase section */

/* Begin PBXSourcesBuildPhase section */
		2B87AD87222C1EBF00B25E08 /* Sources */ = {
			isa = PBXSourcesBuildPhase;
			buildActionMask = 2147483647;
			files = (
				2B87AD91222C1EBF00B25E08 /* ViewController.swift in Sources */,
				2B87AD8F222C1EBF00B25E08 /* AppDelegate.swift in Sources */,
			);
			runOnlyForDeploymentPostprocessing = 0;
		};
/* End PBXSourcesBuildPhase section */

/* Begin PBXTargetDependency section */
		2B87ADAC222C1F3300B25E08 /* PBXTargetDependency */ = {
			isa = PBXTargetDependency;
			name = CRToastSwift;
			targetProxy = 2B87ADAB222C1F3300B25E08 /* PBXContainerItemProxy */;
		};
/* End PBXTargetDependency section */

/* Begin PBXVariantGroup section */
		2B87AD92222C1EBF00B25E08 /* Main.storyboard */ = {
			isa = PBXVariantGroup;
			children = (
				2B87AD93222C1EBF00B25E08 /* Base */,
			);
			name = Main.storyboard;
			sourceTree = "<group>";
		};
		2B87AD97222C1EC100B25E08 /* LaunchScreen.storyboard */ = {
			isa = PBXVariantGroup;
			children = (
				2B87AD98222C1EC100B25E08 /* Base */,
			);
			name = LaunchScreen.storyboard;
			sourceTree = "<group>";
		};
/* End PBXVariantGroup section */

/* Begin XCBuildConfiguration section */
		2B87AD9B222C1EC100B25E08 /* Debug */ = {
			isa = XCBuildConfiguration;
			buildSettings = {
				ALWAYS_SEARCH_USER_PATHS = NO;
				CLANG_ANALYZER_NONNULL = YES;
				CLANG_ANALYZER_NUMBER_OBJECT_CONVERSION = YES_AGGRESSIVE;
				CLANG_CXX_LANGUAGE_STANDARD = "gnu++14";
				CLANG_CXX_LIBRARY = "libc++";
				CLANG_ENABLE_MODULES = YES;
				CLANG_ENABLE_OBJC_ARC = YES;
				CLANG_ENABLE_OBJC_WEAK = YES;
				CLANG_WARN_BLOCK_CAPTURE_AUTORELEASING = YES;
				CLANG_WARN_BOOL_CONVERSION = YES;
				CLANG_WARN_COMMA = YES;
				CLANG_WARN_CONSTANT_CONVERSION = YES;
				CLANG_WARN_DEPRECATED_OBJC_IMPLEMENTATIONS = YES;
				CLANG_WARN_DIRECT_OBJC_ISA_USAGE = YES_ERROR;
				CLANG_WARN_DOCUMENTATION_COMMENTS = YES;
				CLANG_WARN_EMPTY_BODY = YES;
				CLANG_WARN_ENUM_CONVERSION = YES;
				CLANG_WARN_INFINITE_RECURSION = YES;
				CLANG_WARN_INT_CONVERSION = YES;
				CLANG_WARN_NON_LITERAL_NULL_CONVERSION = YES;
				CLANG_WARN_OBJC_IMPLICIT_RETAIN_SELF = YES;
				CLANG_WARN_OBJC_LITERAL_CONVERSION = YES;
				CLANG_WARN_OBJC_ROOT_CLASS = YES_ERROR;
				CLANG_WARN_RANGE_LOOP_ANALYSIS = YES;
				CLANG_WARN_STRICT_PROTOTYPES = YES;
				CLANG_WARN_SUSPICIOUS_MOVE = YES;
				CLANG_WARN_UNGUARDED_AVAILABILITY = YES_AGGRESSIVE;
				CLANG_WARN_UNREACHABLE_CODE = YES;
				CLANG_WARN__DUPLICATE_METHOD_MATCH = YES;
				CODE_SIGN_IDENTITY = "iPhone Developer";
				COPY_PHASE_STRIP = NO;
				DEBUG_INFORMATION_FORMAT = dwarf;
				ENABLE_STRICT_OBJC_MSGSEND = YES;
				ENABLE_TESTABILITY = YES;
				GCC_C_LANGUAGE_STANDARD = gnu11;
				GCC_DYNAMIC_NO_PIC = NO;
				GCC_NO_COMMON_BLOCKS = YES;
				GCC_OPTIMIZATION_LEVEL = 0;
				GCC_PREPROCESSOR_DEFINITIONS = (
					"DEBUG=1",
					"$(inherited)",
				);
				GCC_WARN_64_TO_32_BIT_CONVERSION = YES;
				GCC_WARN_ABOUT_RETURN_TYPE = YES_ERROR;
				GCC_WARN_UNDECLARED_SELECTOR = YES;
				GCC_WARN_UNINITIALIZED_AUTOS = YES_AGGRESSIVE;
				GCC_WARN_UNUSED_FUNCTION = YES;
				GCC_WARN_UNUSED_VARIABLE = YES;
				IPHONEOS_DEPLOYMENT_TARGET = 12.1;
				MTL_ENABLE_DEBUG_INFO = INCLUDE_SOURCE;
				MTL_FAST_MATH = YES;
				ONLY_ACTIVE_ARCH = YES;
				SDKROOT = iphoneos;
				SWIFT_ACTIVE_COMPILATION_CONDITIONS = DEBUG;
				SWIFT_OPTIMIZATION_LEVEL = "-Onone";
			};
			name = Debug;
		};
		2B87AD9C222C1EC100B25E08 /* Release */ = {
			isa = XCBuildConfiguration;
			buildSettings = {
				ALWAYS_SEARCH_USER_PATHS = NO;
				CLANG_ANALYZER_NONNULL = YES;
				CLANG_ANALYZER_NUMBER_OBJECT_CONVERSION = YES_AGGRESSIVE;
				CLANG_CXX_LANGUAGE_STANDARD = "gnu++14";
				CLANG_CXX_LIBRARY = "libc++";
				CLANG_ENABLE_MODULES = YES;
				CLANG_ENABLE_OBJC_ARC = YES;
				CLANG_ENABLE_OBJC_WEAK = YES;
				CLANG_WARN_BLOCK_CAPTURE_AUTORELEASING = YES;
				CLANG_WARN_BOOL_CONVERSION = YES;
				CLANG_WARN_COMMA = YES;
				CLANG_WARN_CONSTANT_CONVERSION = YES;
				CLANG_WARN_DEPRECATED_OBJC_IMPLEMENTATIONS = YES;
				CLANG_WARN_DIRECT_OBJC_ISA_USAGE = YES_ERROR;
				CLANG_WARN_DOCUMENTATION_COMMENTS = YES;
				CLANG_WARN_EMPTY_BODY = YES;
				CLANG_WARN_ENUM_CONVERSION = YES;
				CLANG_WARN_INFINITE_RECURSION = YES;
				CLANG_WARN_INT_CONVERSION = YES;
				CLANG_WARN_NON_LITERAL_NULL_CONVERSION = YES;
				CLANG_WARN_OBJC_IMPLICIT_RETAIN_SELF = YES;
				CLANG_WARN_OBJC_LITERAL_CONVERSION = YES;
				CLANG_WARN_OBJC_ROOT_CLASS = YES_ERROR;
				CLANG_WARN_RANGE_LOOP_ANALYSIS = YES;
				CLANG_WARN_STRICT_PROTOTYPES = YES;
				CLANG_WARN_SUSPICIOUS_MOVE = YES;
				CLANG_WARN_UNGUARDED_AVAILABILITY = YES_AGGRESSIVE;
				CLANG_WARN_UNREACHABLE_CODE = YES;
				CLANG_WARN__DUPLICATE_METHOD_MATCH = YES;
				CODE_SIGN_IDENTITY = "iPhone Developer";
				COPY_PHASE_STRIP = NO;
				DEBUG_INFORMATION_FORMAT = "dwarf-with-dsym";
				ENABLE_NS_ASSERTIONS = NO;
				ENABLE_STRICT_OBJC_MSGSEND = YES;
				GCC_C_LANGUAGE_STANDARD = gnu11;
				GCC_NO_COMMON_BLOCKS = YES;
				GCC_WARN_64_TO_32_BIT_CONVERSION = YES;
				GCC_WARN_ABOUT_RETURN_TYPE = YES_ERROR;
				GCC_WARN_UNDECLARED_SELECTOR = YES;
				GCC_WARN_UNINITIALIZED_AUTOS = YES_AGGRESSIVE;
				GCC_WARN_UNUSED_FUNCTION = YES;
				GCC_WARN_UNUSED_VARIABLE = YES;
				IPHONEOS_DEPLOYMENT_TARGET = 12.1;
				MTL_ENABLE_DEBUG_INFO = NO;
				MTL_FAST_MATH = YES;
				SDKROOT = iphoneos;
				SWIFT_COMPILATION_MODE = wholemodule;
				SWIFT_OPTIMIZATION_LEVEL = "-O";
				VALIDATE_PRODUCT = YES;
			};
			name = Release;
		};
		2B87AD9E222C1EC100B25E08 /* Debug */ = {
			isa = XCBuildConfiguration;
			buildSettings = {
				ASSETCATALOG_COMPILER_APPICON_NAME = AppIcon;
				ASSETCATALOG_COMPILER_LAUNCHIMAGE_NAME = "LaunchImage-2";
				CODE_SIGN_STYLE = Automatic;
				INFOPLIST_FILE = CRToastDemo/Info.plist;
				LD_RUNPATH_SEARCH_PATHS = (
					"$(inherited)",
					"@executable_path/Frameworks",
				);
				PRODUCT_BUNDLE_IDENTIFIER = com.example.CRToastDemo;
				PRODUCT_NAME = "$(TARGET_NAME)";
				SWIFT_VERSION = 5.0;
				TARGETED_DEVICE_FAMILY = "1,2";
			};
			name = Debug;
		};
		2B87AD9F222C1EC100B25E08 /* Release */ = {
			isa = XCBuildConfiguration;
			buildSettings = {
				ASSETCATALOG_COMPILER_APPICON_NAME = AppIcon;
				ASSETCATALOG_COMPILER_LAUNCHIMAGE_NAME = "LaunchImage-2";
				CODE_SIGN_STYLE = Automatic;
				INFOPLIST_FILE = CRToastDemo/Info.plist;
				LD_RUNPATH_SEARCH_PATHS = (
					"$(inherited)",
					"@executable_path/Frameworks",
				);
				PRODUCT_BUNDLE_IDENTIFIER = com.example.CRToastDemo;
				PRODUCT_NAME = "$(TARGET_NAME)";
				SWIFT_VERSION = 5.0;
				TARGETED_DEVICE_FAMILY = "1,2";
			};
			name = Release;
		};
/* End XCBuildConfiguration section */

/* Begin XCConfigurationList section */
		2B87AD86222C1EBF00B25E08 /* Build configuration list for PBXProject "CRToastDemo" */ = {
			isa = XCConfigurationList;
			buildConfigurations = (
				2B87AD9B222C1EC100B25E08 /* Debug */,
				2B87AD9C222C1EC100B25E08 /* Release */,
			);
			defaultConfigurationIsVisible = 0;
			defaultConfigurationName = Release;
		};
		2B87AD9D222C1EC100B25E08 /* Build configuration list for PBXNativeTarget "CRToastDemo" */ = {
			isa = XCConfigurationList;
			buildConfigurations = (
				2B87AD9E222C1EC100B25E08 /* Debug */,
				2B87AD9F222C1EC100B25E08 /* Release */,
			);
			defaultConfigurationIsVisible = 0;
			defaultConfigurationName = Release;
		};
/* End XCConfigurationList section */
	};
	rootObject = 2B87AD83222C1EBF00B25E08 /* Project object */;
}
